
Microsoft Visual Studio Solution File, Format Version 12.00
# Visual Studio Version 16
VisualStudioVersion = 16.0.30114.105
MinimumVisualStudioVersion = 10.0.40219.1
Project("{FAE04EC0-301F-11D3-BF4B-00C04F79EFBC}") = "YurtOtomasyonu", "YurtOtomasyonu\YurtOtomasyonu.csproj", "{E996F669-7BEC-4833-9160-F361E4E4961F}"
EndProject
Global
	GlobalSection(SolutionConfigurationPlatforms) = preSolution
		Debug|Any CPU = Debug|Any CPU
		Release|Any CPU = Release|Any CPU
	EndGlobalSection
	GlobalSection(ProjectConfigurationPlatforms) = postSolution
		{E996F669-7BEC-4833-9160-F361E4E4961F}.Debug|Any CPU.ActiveCfg = Debug|Any CPU
		{E996F669-7BEC-4833-9160-F361E4E4961F}.Debug|Any CPU.Build.0 = Debug|Any CPU
		{E996F669-7BEC-4833-9160-F361E4E4961F}.Release|Any CPU.ActiveCfg = Release|Any CPU
		{E996F669-7BEC-4833-9160-F361E4E4961F}.Release|Any CPU.Build.0 = Release|Any CPU
	EndGlobalSection
	GlobalSection(SolutionProperties) = preSolution
		HideSolutionNode = FALSE
	EndGlobalSection
	GlobalSection(ExtensibilityGlobals) = postSolution
		SolutionGuid = {4B79D5E2-4D44-4F4D-93B7-3F8F4D964275}
	EndGlobalSection
EndGlobal
